
Microsoft Visual Studio Solution File, Format Version 12.00
# Visual Studio Version 16
VisualStudioVersion = 16.0.29519.181
MinimumVisualStudioVersion = 10.0.40219.1
Project("{FAE04EC0-301F-11D3-BF4B-00C04F79EFBC}") = "MengLingke_006", "MengLingke_006\MengLingke_006.csproj", "{C387AF0B-827F-4229-900D-5697A7617B56}"
EndProject
Global
	GlobalSection(SolutionConfigurationPlatforms) = preSolution
		Debug|Any CPU = Debug|Any CPU
		Release|Any CPU = Release|Any CPU
	EndGlobalSection
	GlobalSection(ProjectConfigurationPlatforms) = postSolution
		{C387AF0B-827F-4229-900D-5697A7617B56}.Debug|Any CPU.ActiveCfg = Debug|Any CPU
		{C387AF0B-827F-4229-900D-5697A7617B56}.Debug|Any CPU.Build.0 = Debug|Any CPU
		{C387AF0B-827F-4229-900D-5697A7617B56}.Release|Any CPU.ActiveCfg = Release|Any CPU
		{C387AF0B-827F-4229-900D-5697A7617B56}.Release|Any CPU.Build.0 = Release|Any CPU
	EndGlobalSection
	GlobalSection(SolutionProperties) = preSolution
		HideSolutionNode = FALSE
	EndGlobalSection
	GlobalSection(ExtensibilityGlobals) = postSolution
		SolutionGuid = {213768F4-575C-4D67-9F1E-9508F7D91DDB}
	EndGlobalSection
EndGlobal
